
Microsoft Visual Studio Solution File, Format Version 12.00
# Visual Studio 2013
VisualStudioVersion = 12.0.31101.0
MinimumVisualStudioVersion = 10.0.40219.1
Project("{FAE04EC0-301F-11D3-BF4B-00C04F79EFBC}") = "ConsoleStreamsLab", "ConsoleStreamsLab\ConsoleStreamsLab.csproj", "{3AEC1FE6-11DA-48C0-A468-3FD936070FC5}"
EndProject
Project("{FAE04EC0-301F-11D3-BF4B-00C04F79EFBC}") = "ConsoleStreamsLab_4.7", "ConsoleStreamsLab_4.7\ConsoleStreamsLab_4.7.csproj", "{ACA1D771-99C2-4671-8320-54F938C40BD2}"
EndProject
Global
	GlobalSection(SolutionConfigurationPlatforms) = preSolution
		Debug|Any CPU = Debug|Any CPU
		Release|Any CPU = Release|Any CPU
	EndGlobalSection
	GlobalSection(ProjectConfigurationPlatforms) = postSolution
		{3AEC1FE6-11DA-48C0-A468-3FD936070FC5}.Debug|Any CPU.ActiveCfg = Debug|Any CPU
		{3AEC1FE6-11DA-48C0-A468-3FD936070FC5}.Debug|Any CPU.Build.0 = Debug|Any CPU
		{3AEC1FE6-11DA-48C0-A468-3FD936070FC5}.Release|Any CPU.ActiveCfg = Release|Any CPU
		{3AEC1FE6-11DA-48C0-A468-3FD936070FC5}.Release|Any CPU.Build.0 = Release|Any CPU
		{ACA1D771-99C2-4671-8320-54F938C40BD2}.Debug|Any CPU.ActiveCfg = Debug|Any CPU
		{ACA1D771-99C2-4671-8320-54F938C40BD2}.Debug|Any CPU.Build.0 = Debug|Any CPU
		{ACA1D771-99C2-4671-8320-54F938C40BD2}.Release|Any CPU.ActiveCfg = Release|Any CPU
		{ACA1D771-99C2-4671-8320-54F938C40BD2}.Release|Any CPU.Build.0 = Release|Any CPU
	EndGlobalSection
	GlobalSection(SolutionProperties) = preSolution
		HideSolutionNode = FALSE
	EndGlobalSection
EndGlobal
